
Microsoft Visual Studio Solution File, Format Version 12.00
# Visual Studio 15
VisualStudioVersion = 15.0.33403.129
MinimumVisualStudioVersion = 10.0.40219.1
Project("{FAE04EC0-301F-11D3-BF4B-00C04F79EFBC}") = "Luceed.ClientApp", "Luceed.ClientApp\Luceed.ClientApp.csproj", "{31608616-E3E2-4FF2-B887-B47427DF4690}"
EndProject
Global
	GlobalSection(SolutionConfigurationPlatforms) = preSolution
		Debug|Any CPU = Debug|Any CPU
		Release|Any CPU = Release|Any CPU
	EndGlobalSection
	GlobalSection(ProjectConfigurationPlatforms) = postSolution
		{31608616-E3E2-4FF2-B887-B47427DF4690}.Debug|Any CPU.ActiveCfg = Debug|Any CPU
		{31608616-E3E2-4FF2-B887-B47427DF4690}.Debug|Any CPU.Build.0 = Debug|Any CPU
		{31608616-E3E2-4FF2-B887-B47427DF4690}.Release|Any CPU.ActiveCfg = Release|Any CPU
		{31608616-E3E2-4FF2-B887-B47427DF4690}.Release|Any CPU.Build.0 = Release|Any CPU
	EndGlobalSection
	GlobalSection(SolutionProperties) = preSolution
		HideSolutionNode = FALSE
	EndGlobalSection
	GlobalSection(ExtensibilityGlobals) = postSolution
		SolutionGuid = {D9C44C9D-82A0-4608-8109-92CE17A0712D}
	EndGlobalSection
EndGlobal
